
Microsoft Visual Studio Solution File, Format Version 12.00
# Visual Studio Version 16
VisualStudioVersion = 16.0.30517.126
MinimumVisualStudioVersion = 10.0.40219.1
Project("{8BC9CEB8-8B4A-11D0-8D11-00A0C91BC942}") = "stack_queue_ 주식가격", "stack_queue_ 주식가격\stack_queue_ 주식가격.vcxproj", "{DAF59D25-F495-4F31-B598-F05A9292ADC1}"
EndProject
Project("{8BC9CEB8-8B4A-11D0-8D11-00A0C91BC942}") = "stack_queue_기능개발", "..\stack_queue_기능개발\stack_queue_기능개발.vcxproj", "{E0F8D621-35B4-4473-890E-B52D234153AF}"
EndProject
Global
	GlobalSection(SolutionConfigurationPlatforms) = preSolution
		Debug|x64 = Debug|x64
		Debug|x86 = Debug|x86
		Release|x64 = Release|x64
		Release|x86 = Release|x86
	EndGlobalSection
	GlobalSection(ProjectConfigurationPlatforms) = postSolution
		{DAF59D25-F495-4F31-B598-F05A9292ADC1}.Debug|x64.ActiveCfg = Debug|x64
		{DAF59D25-F495-4F31-B598-F05A9292ADC1}.Debug|x64.Build.0 = Debug|x64
		{DAF59D25-F495-4F31-B598-F05A9292ADC1}.Debug|x86.ActiveCfg = Debug|Win32
		{DAF59D25-F495-4F31-B598-F05A9292ADC1}.Debug|x86.Build.0 = Debug|Win32
		{DAF59D25-F495-4F31-B598-F05A9292ADC1}.Release|x64.ActiveCfg = Release|x64
		{DAF59D25-F495-4F31-B598-F05A9292ADC1}.Release|x64.Build.0 = Release|x64
		{DAF59D25-F495-4F31-B598-F05A9292ADC1}.Release|x86.ActiveCfg = Release|Win32
		{DAF59D25-F495-4F31-B598-F05A9292ADC1}.Release|x86.Build.0 = Release|Win32
		{E0F8D621-35B4-4473-890E-B52D234153AF}.Debug|x64.ActiveCfg = Debug|x64
		{E0F8D621-35B4-4473-890E-B52D234153AF}.Debug|x64.Build.0 = Debug|x64
		{E0F8D621-35B4-4473-890E-B52D234153AF}.Debug|x86.ActiveCfg = Debug|Win32
		{E0F8D621-35B4-4473-890E-B52D234153AF}.Debug|x86.Build.0 = Debug|Win32
		{E0F8D621-35B4-4473-890E-B52D234153AF}.Release|x64.ActiveCfg = Release|x64
		{E0F8D621-35B4-4473-890E-B52D234153AF}.Release|x64.Build.0 = Release|x64
		{E0F8D621-35B4-4473-890E-B52D234153AF}.Release|x86.ActiveCfg = Release|Win32
		{E0F8D621-35B4-4473-890E-B52D234153AF}.Release|x86.Build.0 = Release|Win32
	EndGlobalSection
	GlobalSection(SolutionProperties) = preSolution
		HideSolutionNode = FALSE
	EndGlobalSection
	GlobalSection(ExtensibilityGlobals) = postSolution
		SolutionGuid = {3961594A-AE8D-4DFF-90A7-2130993DABBD}
	EndGlobalSection
EndGlobal
